
Microsoft Visual Studio Solution File, Format Version 12.00
# Visual Studio 15
VisualStudioVersion = 15.0.28307.1401
MinimumVisualStudioVersion = 10.0.40219.1
Project("{8BC9CEB8-8B4A-11D0-8D11-00A0C91BC942}") = "SmoothedParticleHydrodynamics", "SmoothedParticleHydrodynamics\SmoothedParticleHydrodynamics.vcxproj", "{0518F667-6F08-405B-B190-F121ADF74624}"
EndProject
Global
	GlobalSection(SolutionConfigurationPlatforms) = preSolution
		Debug|x64 = Debug|x64
		Release|x64 = Release|x64
	EndGlobalSection
	GlobalSection(ProjectConfigurationPlatforms) = postSolution
		{0518F667-6F08-405B-B190-F121ADF74624}.Debug|x64.ActiveCfg = Debug|x64
		{0518F667-6F08-405B-B190-F121ADF74624}.Debug|x64.Build.0 = Debug|x64
		{0518F667-6F08-405B-B190-F121ADF74624}.Release|x64.ActiveCfg = Release|x64
		{0518F667-6F08-405B-B190-F121ADF74624}.Release|x64.Build.0 = Release|x64
	EndGlobalSection
	GlobalSection(SolutionProperties) = preSolution
		HideSolutionNode = FALSE
	EndGlobalSection
	GlobalSection(ExtensibilityGlobals) = postSolution
		SolutionGuid = {276A8195-3547-4D96-91EA-9158B38F2FEA}
	EndGlobalSection
EndGlobal
