<?xml version="1.0" encoding="utf-8"?>
<Project ToolsVersion="4.0" xmlns="http://schemas.microsoft.com/developer/msbuild/2003">
  <ItemGroup>
    <Filter Include="リソース ファイル">
      <UniqueIdentifier>{67DA6AB6-F800-4c08-8B7A-83BB121AAD01}</UniqueIdentifier>
      <Extensions>rc;ico;cur;bmp;dlg;rc2;rct;bin;rgs;gif;jpg;jpeg;jpe;resx;tiff;tif;png;wav;mfcribbon-ms</Extensions>
    </Filter>
    <Filter Include="Source">
      <UniqueIdentifier>{4FC737F1-C7A5-4376-A066-2A32D752A2FF}</UniqueIdentifier>
      <Extensions>cpp;c;cc;cxx;def;odl;idl;hpj;bat;asm;asmx</Extensions>
    </Filter>
    <Filter Include="Header">
      <UniqueIdentifier>{93995380-89BD-4b04-88EB-625FBE52EBFB}</UniqueIdentifier>
      <Extensions>h;hh;hpp;hxx;hm;inl;inc;ipp;xsd</Extensions>
    </Filter>
  </ItemGroup>
  <ItemGroup>
    <ClCompile Include="..\..\..\graphics\gl4x\scene\Camera.cpp">
      <Filter>Source</Filter>
    </ClCompile>
    <ClCompile Include="..\..\..\graphics\gl4x\shader\GLShader.cpp">
      <Filter>Source</Filter>
    </ClCompile>
    <ClCompile Include="..\..\..\graphics\gl4x\app\ViewGL.cpp">
      <Filter>Source</Filter>
    </ClCompile>
    <ClCompile Include="..\..\..\test\LoadObj\ControllerLoadObj.cpp">
      <Filter>Source</Filter>
    </ClCompile>
    <ClCompile Include="..\..\..\test\LoadObj\LoadObj_winmain.cpp">
      <Filter>Source</Filter>
    </ClCompile>
    <ClCompile Include="..\..\..\test\LoadObj\ModelLoadObj.cpp">
      <Filter>Source</Filter>
    </ClCompile>
    <ClCompile Include="..\..\..\graphics\common\OBJLoader.cpp">
      <Filter>Source</Filter>
    </ClCompile>
    <ClCompile Include="..\..\..\graphics\common\Material.cpp">
      <Filter>Source</Filter>
    </ClCompile>
    <ClCompile Include="..\..\..\graphics\gl4x\scene\MeshLoader.cpp">
      <Filter>Source</Filter>
    </ClCompile>
    <ClCompile Include="..\..\..\external\oreore\ui\win\Window.cpp">
      <Filter>Source</Filter>
    </ClCompile>
    <ClCompile Include="..\..\..\external\oreore\ui\win\WindowProcedure.cpp">
      <Filter>Source</Filter>
    </ClCompile>
  </ItemGroup>
  <ItemGroup>
    <ClInclude Include="..\..\..\graphics\gl4x\app\ViewGL.h">
      <Filter>Header</Filter>
    </ClInclude>
    <ClInclude Include="..\..\..\graphics\gl4x\scene\Camera.h">
      <Filter>Header</Filter>
    </ClInclude>
    <ClInclude Include="..\..\..\graphics\gl4x\shader\GLShader.h">
      <Filter>Header</Filter>
    </ClInclude>
    <ClInclude Include="..\..\..\test\LoadObj\ControllerLoadObj.h">
      <Filter>Header</Filter>
    </ClInclude>
    <ClInclude Include="..\..\..\test\LoadObj\ModelLoadObj.h">
      <Filter>Header</Filter>
    </ClInclude>
    <ClInclude Include="..\..\..\graphics\common\OBJLoader.h">
      <Filter>Header</Filter>
    </ClInclude>
    <ClInclude Include="..\..\..\graphics\common\Material.h">
      <Filter>Header</Filter>
    </ClInclude>
    <ClInclude Include="..\..\..\graphics\gl4x\scene\MeshLoader.h">
      <Filter>Header</Filter>
    </ClInclude>
    <ClInclude Include="..\..\..\external\oreore\ui\win\WindowProcedure.h">
      <Filter>Header</Filter>
    </ClInclude>
    <ClInclude Include="..\..\..\external\oreore\ui\win\Window.h">
      <Filter>Header</Filter>
    </ClInclude>
  </ItemGroup>
</Project>