<?xml version="1.0" encoding="utf-8"?>
<Project ToolsVersion="4.0" xmlns="http://schemas.microsoft.com/developer/msbuild/2003">
  <ItemGroup>
    <Filter Include="リソース ファイル">
      <UniqueIdentifier>{67DA6AB6-F800-4c08-8B7A-83BB121AAD01}</UniqueIdentifier>
      <Extensions>rc;ico;cur;bmp;dlg;rc2;rct;bin;rgs;gif;jpg;jpeg;jpe;resx;tiff;tif;png;wav;mfcribbon-ms</Extensions>
    </Filter>
    <Filter Include="Source">
      <UniqueIdentifier>{4FC737F1-C7A5-4376-A066-2A32D752A2FF}</UniqueIdentifier>
      <Extensions>cpp;c;cc;cxx;def;odl;idl;hpj;bat;asm;asmx</Extensions>
    </Filter>
    <Filter Include="Header">
      <UniqueIdentifier>{93995380-89BD-4b04-88EB-625FBE52EBFB}</UniqueIdentifier>
      <Extensions>h;hh;hpp;hxx;hm;inl;inc;xsd</Extensions>
    </Filter>
    <Filter Include="GLSL">
      <UniqueIdentifier>{cb1893bd-af1f-41a6-bc14-ccfc59bebd4d}</UniqueIdentifier>
      <Extensions>glsl;glslh</Extensions>
    </Filter>
  </ItemGroup>
  <ItemGroup>
    <ClInclude Include="..\..\..\graphics\gl4x\resource\Texture.h">
      <Filter>Header</Filter>
    </ClInclude>
    <ClInclude Include="..\..\..\graphics\gl4x\resource\GLFrameBufferObject.h">
      <Filter>Header</Filter>
    </ClInclude>
    <ClInclude Include="..\..\..\graphics\gl4x\resource\GLBindPointManager.h">
      <Filter>Header</Filter>
    </ClInclude>
    <ClInclude Include="..\..\..\graphics\gl4xext\rendering\EdgeDetectionShader.h">
      <Filter>Header</Filter>
    </ClInclude>
    <ClInclude Include="..\..\..\graphics\gl4xext\procedural\SimplexNoiseGPU.h">
      <Filter>Header</Filter>
    </ClInclude>
    <ClInclude Include="..\..\..\graphics\gl4xext\procedural\WorleyNoiseGPU.h">
      <Filter>Header</Filter>
    </ClInclude>
    <ClInclude Include="..\..\..\graphics\gl4x\shader\IShader.h">
      <Filter>Header</Filter>
    </ClInclude>
    <ClInclude Include="..\..\..\graphics\gl4x\shader\GLShader.h">
      <Filter>Header</Filter>
    </ClInclude>
    <ClInclude Include="..\..\..\graphics\gl4x\common\GLSamplerState.h">
      <Filter>Header</Filter>
    </ClInclude>
  </ItemGroup>
  <ItemGroup>
    <None Include="..\..\..\graphics\gl4xext\glsl\rendering\EdgeDetectionShader.glsl">
      <Filter>GLSL</Filter>
    </None>
    <None Include="..\..\..\graphics\gl4xext\glsl\procedural\WorleyNoise.glsl">
      <Filter>GLSL</Filter>
    </None>
    <None Include="..\..\..\graphics\gl4xext\glsl\procedural\WorleyNoise_main.glsl">
      <Filter>GLSL</Filter>
    </None>
  </ItemGroup>
  <ItemGroup>
    <ClCompile Include="..\..\..\test\ContourRendering\SimpleEdgePixelDetection_main.cpp">
      <Filter>Source</Filter>
    </ClCompile>
    <ClCompile Include="..\..\..\graphics\gl4x\resource\Texture.cpp">
      <Filter>Source</Filter>
    </ClCompile>
    <ClCompile Include="..\..\..\graphics\gl4x\resource\GLFrameBufferObject.cpp">
      <Filter>Source</Filter>
    </ClCompile>
    <ClCompile Include="..\..\..\graphics\gl4x\resource\GLBindPointManager.cpp">
      <Filter>Source</Filter>
    </ClCompile>
    <ClCompile Include="..\..\..\graphics\gl4xext\rendering\EdgeDetectionShader.cpp">
      <Filter>Source</Filter>
    </ClCompile>
    <ClCompile Include="..\..\..\graphics\gl4xext\procedural\SimplexNoiseGPU.cpp">
      <Filter>Source</Filter>
    </ClCompile>
    <ClCompile Include="..\..\..\graphics\gl4xext\procedural\WorleyNoiseGPU.cpp">
      <Filter>Source</Filter>
    </ClCompile>
    <ClCompile Include="..\..\..\graphics\gl4x\shader\IShader.cpp">
      <Filter>Source</Filter>
    </ClCompile>
    <ClCompile Include="..\..\..\graphics\gl4x\shader\GLShader.cpp">
      <Filter>Source</Filter>
    </ClCompile>
    <ClCompile Include="..\..\..\graphics\gl4x\common\GLSamplerState.cpp">
      <Filter>Source</Filter>
    </ClCompile>
  </ItemGroup>
</Project>